
Microsoft Visual Studio Solution File, Format Version 12.00
# Visual Studio Version 16
VisualStudioVersion = 16.0.30503.244
MinimumVisualStudioVersion = 10.0.40219.1
Project("{FAE04EC0-301F-11D3-BF4B-00C04F79EFBC}") = "GreatestCommonDivisor", "GreatestCommonDivisor.csproj", "{397803FA-E9A3-4CFE-9618-7D96F42637C6}"
EndProject
Global
	GlobalSection(SolutionConfigurationPlatforms) = preSolution
		Debug|Any CPU = Debug|Any CPU
		Release|Any CPU = Release|Any CPU
	EndGlobalSection
	GlobalSection(ProjectConfigurationPlatforms) = postSolution
		{397803FA-E9A3-4CFE-9618-7D96F42637C6}.Debug|Any CPU.ActiveCfg = Debug|Any CPU
		{397803FA-E9A3-4CFE-9618-7D96F42637C6}.Debug|Any CPU.Build.0 = Debug|Any CPU
		{397803FA-E9A3-4CFE-9618-7D96F42637C6}.Release|Any CPU.ActiveCfg = Release|Any CPU
		{397803FA-E9A3-4CFE-9618-7D96F42637C6}.Release|Any CPU.Build.0 = Release|Any CPU
	EndGlobalSection
	GlobalSection(SolutionProperties) = preSolution
		HideSolutionNode = FALSE
	EndGlobalSection
	GlobalSection(ExtensibilityGlobals) = postSolution
		SolutionGuid = {83D9A298-4B53-441C-9DA9-1F33FC0FEA0B}
	EndGlobalSection
EndGlobal
